
Microsoft Visual Studio Solution File, Format Version 12.00
# Visual Studio Version 16
VisualStudioVersion = 16.0.31112.23
MinimumVisualStudioVersion = 10.0.40219.1
Project("{9A19103F-16F7-4668-BE54-9A1E7A4F7556}") = "Infrastructure", "Infrastructure\Infrastructure.csproj", "{E0559E21-FB17-407B-8026-2A81EE472348}"
EndProject
Project("{FAE04EC0-301F-11D3-BF4B-00C04F79EFBC}") = "Infrastructure.Tests", "Infrastructure.Tests\Infrastructure.Tests.csproj", "{CF57D874-7C6F-4D15-8444-103B0679816D}"
EndProject
Global
	GlobalSection(SolutionConfigurationPlatforms) = preSolution
		Debug|Any CPU = Debug|Any CPU
		Release|Any CPU = Release|Any CPU
	EndGlobalSection
	GlobalSection(ProjectConfigurationPlatforms) = postSolution
		{E0559E21-FB17-407B-8026-2A81EE472348}.Debug|Any CPU.ActiveCfg = Debug|Any CPU
		{E0559E21-FB17-407B-8026-2A81EE472348}.Debug|Any CPU.Build.0 = Debug|Any CPU
		{E0559E21-FB17-407B-8026-2A81EE472348}.Release|Any CPU.ActiveCfg = Release|Any CPU
		{E0559E21-FB17-407B-8026-2A81EE472348}.Release|Any CPU.Build.0 = Release|Any CPU
		{CF57D874-7C6F-4D15-8444-103B0679816D}.Debug|Any CPU.ActiveCfg = Debug|Any CPU
		{CF57D874-7C6F-4D15-8444-103B0679816D}.Debug|Any CPU.Build.0 = Debug|Any CPU
		{CF57D874-7C6F-4D15-8444-103B0679816D}.Release|Any CPU.ActiveCfg = Release|Any CPU
		{CF57D874-7C6F-4D15-8444-103B0679816D}.Release|Any CPU.Build.0 = Release|Any CPU
	EndGlobalSection
	GlobalSection(SolutionProperties) = preSolution
		HideSolutionNode = FALSE
	EndGlobalSection
	GlobalSection(ExtensibilityGlobals) = postSolution
		SolutionGuid = {8D058EE7-BB9C-4BF3-81CB-6A1088E38CAF}
	EndGlobalSection
EndGlobal
